// !$*UTF8*$!
{
	archiveVersion = 1;
	classes = {
	};
	objectVersion = 46;
	objects = {

/* Begin PBXBuildFile section */
		3E2E118A1ECB2C7D00E72A8C /* Assets.xcassets in Resources */ = {isa = PBXBuildFile; fileRef = 3E2E11891ECB2C7D00E72A8C /* Assets.xcassets */; };
		3E2E11911ECB2C7D00E72A8C /* MessagesExtension.appex in Embed App Extensions */ = {isa = PBXBuildFile; fileRef = 3E2E11901ECB2C7D00E72A8C /* MessagesExtension.appex */; settings = {ATTRIBUTES = (RemoveHeadersOnCopy, ); }; };
		3E2E11961ECB2C7D00E72A8C /* Messages.framework in Frameworks */ = {isa = PBXBuildFile; fileRef = 3E2E11951ECB2C7D00E72A8C /* Messages.framework */; };
		3E2E11991ECB2C7D00E72A8C /* MessagesViewController.swift in Sources */ = {isa = PBXBuildFile; fileRef = 3E2E11981ECB2C7D00E72A8C /* MessagesViewController.swift */; };
		3E2E119C1ECB2C7D00E72A8C /* MainInterface.storyboard in Resources */ = {isa = PBXBuildFile; fileRef = 3E2E119A1ECB2C7D00E72A8C /* MainInterface.storyboard */; };
		3E2E119E1ECB2C7D00E72A8C /* Assets.xcassets in Resources */ = {isa = PBXBuildFile; fileRef = 3E2E119D1ECB2C7D00E72A8C /* Assets.xcassets */; };
/* End PBXBuildFile section */

/* Begin PBXContainerItemProxy section */
		3E2E11921ECB2C7D00E72A8C /* PBXContainerItemProxy */ = {
			isa = PBXContainerItemProxy;
			containerPortal = 3E2E11801ECB2C7D00E72A8C /* Project object */;
			proxyType = 1;
			remoteGlobalIDString = 3E2E118F1ECB2C7D00E72A8C;
			remoteInfo = MessagesExtension;
		};
/* End PBXContainerItemProxy section */

/* Begin PBXCopyFilesBuildPhase section */
		3E2E11A51ECB2C7D00E72A8C /* Embed App Extensions */ = {
			isa = PBXCopyFilesBuildPhase;
			buildActionMask = 2147483647;
			dstPath = "";
			dstSubfolderSpec = 13;
			files = (
				3E2E11911ECB2C7D00E72A8C /* MessagesExtension.appex in Embed App Extensions */,
			);
			name = "Embed App Extensions";
			runOnlyForDeploymentPostprocessing = 0;
		};
/* End PBXCopyFilesBuildPhase section */

/* Begin PBXFileReference section */
		3E2E11861ECB2C7D00E72A8C /* ThisIsATest.app */ = {isa = PBXFileReference; explicitFileType = wrapper.application; includeInIndex = 0; path = ThisIsATest.app; sourceTree = BUILT_PRODUCTS_DIR; };
		3E2E11891ECB2C7D00E72A8C /* Assets.xcassets */ = {isa = PBXFileReference; lastKnownFileType = folder.assetcatalog; path = Assets.xcassets; sourceTree = "<group>"; };
		3E2E118B1ECB2C7D00E72A8C /* Info.plist */ = {isa = PBXFileReference; lastKnownFileType = text.plist.xml; path = Info.plist; sourceTree = "<group>"; };
		3E2E11901ECB2C7D00E72A8C /* MessagesExtension.appex */ = {isa = PBXFileReference; explicitFileType = "wrapper.app-extension"; includeInIndex = 0; path = MessagesExtension.appex; sourceTree = BUILT_PRODUCTS_DIR; };
		3E2E11951ECB2C7D00E72A8C /* Messages.framework */ = {isa = PBXFileReference; lastKnownFileType = wrapper.framework; name = Messages.framework; path = System/Library/Frameworks/Messages.framework; sourceTree = SDKROOT; };
		3E2E11981ECB2C7D00E72A8C /* MessagesViewController.swift */ = {isa = PBXFileReference; lastKnownFileType = sourcecode.swift; path = MessagesViewController.swift; sourceTree = "<group>"; };
		3E2E119B1ECB2C7D00E72A8C /* Base */ = {isa = PBXFileReference; lastKnownFileType = file.storyboard; name = Base; path = Base.lproj/MainInterface.storyboard; sourceTree = "<group>"; };
		3E2E119D1ECB2C7D00E72A8C /* Assets.xcassets */ = {isa = PBXFileReference; lastKnownFileType = folder.assetcatalog; path = Assets.xcassets; sourceTree = "<group>"; };
		3E2E119F1ECB2C7D00E72A8C /* Info.plist */ = {isa = PBXFileReference; lastKnownFileType = text.plist.xml; path = Info.plist; sourceTree = "<group>"; };
/* End PBXFileReference section */

/* Begin PBXFrameworksBuildPhase section */
		3E2E118D1ECB2C7D00E72A8C /* Frameworks */ = {
			isa = PBXFrameworksBuildPhase;
			buildActionMask = 2147483647;
			files = (
				3E2E11961ECB2C7D00E72A8C /* Messages.framework in Frameworks */,
			);
			runOnlyForDeploymentPostprocessing = 0;
		};
/* End PBXFrameworksBuildPhase section */

/* Begin PBXGroup section */
		3E2E117F1ECB2C7D00E72A8C = {
			isa = PBXGroup;
			children = (
				3E2E11881ECB2C7D00E72A8C /* ThisIsATest */,
				3E2E11971ECB2C7D00E72A8C /* MessagesExtension */,
				3E2E11941ECB2C7D00E72A8C /* Frameworks */,
				3E2E11871ECB2C7D00E72A8C /* Products */,
			);
			sourceTree = "<group>";
		};
		3E2E11871ECB2C7D00E72A8C /* Products */ = {
			isa = PBXGroup;
			children = (
				3E2E11861ECB2C7D00E72A8C /* ThisIsATest.app */,
				3E2E11901ECB2C7D00E72A8C /* MessagesExtension.appex */,
			);
			name = Products;
			sourceTree = "<group>";
		};
		3E2E11881ECB2C7D00E72A8C /* ThisIsATest */ = {
			isa = PBXGroup;
			children = (
				3E2E11891ECB2C7D00E72A8C /* Assets.xcassets */,
				3E2E118B1ECB2C7D00E72A8C /* Info.plist */,
			);
			path = ThisIsATest;
			sourceTree = "<group>";
		};
		3E2E11941ECB2C7D00E72A8C /* Frameworks */ = {
			isa = PBXGroup;
			children = (
				3E2E11951ECB2C7D00E72A8C /* Messages.framework */,
			);
			name = Frameworks;
			sourceTree = "<group>";
		};
		3E2E11971ECB2C7D00E72A8C /* MessagesExtension */ = {
			isa = PBXGroup;
			children = (
				3E2E11981ECB2C7D00E72A8C /* MessagesViewController.swift */,
				3E2E119A1ECB2C7D00E72A8C /* MainInterface.storyboard */,
				3E2E119D1ECB2C7D00E72A8C /* Assets.xcassets */,
				3E2E119F1ECB2C7D00E72A8C /* Info.plist */,
			);
			path = MessagesExtension;
			sourceTree = "<group>";
		};
/* End PBXGroup section */

/* Begin PBXNativeTarget section */
		3E2E11851ECB2C7D00E72A8C /* ThisIsATest */ = {
			isa = PBXNativeTarget;
			buildConfigurationList = 3E2E11A61ECB2C7D00E72A8C /* Build configuration list for PBXNativeTarget "ThisIsATest" */;
			buildPhases = (
				3E2E11841ECB2C7D00E72A8C /* Resources */,
				3E2E11A51ECB2C7D00E72A8C /* Embed App Extensions */,
			);
			buildRules = (
			);
			dependencies = (
				3E2E11931ECB2C7D00E72A8C /* PBXTargetDependency */,
			);
			name = ThisIsATest;
			productName = ThisIsATest;
			productReference = 3E2E11861ECB2C7D00E72A8C /* ThisIsATest.app */;
			productType = "com.apple.product-type.application.messages";
		};
		3E2E118F1ECB2C7D00E72A8C /* MessagesExtension */ = {
			isa = PBXNativeTarget;
			buildConfigurationList = 3E2E11A21ECB2C7D00E72A8C /* Build configuration list for PBXNativeTarget "MessagesExtension" */;
			buildPhases = (
				3E2E118C1ECB2C7D00E72A8C /* Sources */,
				3E2E118D1ECB2C7D00E72A8C /* Frameworks */,
				3E2E118E1ECB2C7D00E72A8C /* Resources */,
			);
			buildRules = (
			);
			dependencies = (
			);
			name = MessagesExtension;
			productName = MessagesExtension;
			productReference = 3E2E11901ECB2C7D00E72A8C /* MessagesExtension.appex */;
			productType = "com.apple.product-type.app-extension.messages";
		};
/* End PBXNativeTarget section */

/* Begin PBXProject section */
		3E2E11801ECB2C7D00E72A8C /* Project object */ = {
			isa = PBXProject;
			attributes = {
				LastSwiftUpdateCheck = 0830;
				LastUpgradeCheck = 0830;
				ORGANIZATIONNAME = "Anoushka Ramkumar";
				TargetAttributes = {
					3E2E11851ECB2C7D00E72A8C = {
						CreatedOnToolsVersion = 8.3.2;
						ProvisioningStyle = Automatic;
					};
					3E2E118F1ECB2C7D00E72A8C = {
						CreatedOnToolsVersion = 8.3.2;
						ProvisioningStyle = Automatic;
					};
				};
			};
			buildConfigurationList = 3E2E11831ECB2C7D00E72A8C /* Build configuration list for PBXProject "ThisIsATest" */;
			compatibilityVersion = "Xcode 3.2";
			developmentRegion = English;
			hasScannedForEncodings = 0;
			knownRegions = (
				en,
				Base,
			);
			mainGroup = 3E2E117F1ECB2C7D00E72A8C;
			productRefGroup = 3E2E11871ECB2C7D00E72A8C /* Products */;
			projectDirPath = "";
			projectRoot = "";
			targets = (
				3E2E11851ECB2C7D00E72A8C /* ThisIsATest */,
				3E2E118F1ECB2C7D00E72A8C /* MessagesExtension */,
			);
		};
/* End PBXProject section */

/* Begin PBXResourcesBuildPhase section */
		3E2E11841ECB2C7D00E72A8C /* Resources */ = {
			isa = PBXResourcesBuildPhase;
			buildActionMask = 2147483647;
			files = (
				3E2E118A1ECB2C7D00E72A8C /* Assets.xcassets in Resources */,
			);
			runOnlyForDeploymentPostprocessing = 0;
		};
		3E2E118E1ECB2C7D00E72A8C /* Resources */ = {
			isa = PBXResourcesBuildPhase;
			buildActionMask = 2147483647;
			files = (
				3E2E119E1ECB2C7D00E72A8C /* Assets.xcassets in Resources */,
				3E2E119C1ECB2C7D00E72A8C /* MainInterface.storyboard in Resources */,
			);
			runOnlyForDeploymentPostprocessing = 0;
		};
/* End PBXResourcesBuildPhase section */

/* Begin PBXSourcesBuildPhase section */
		3E2E118C1ECB2C7D00E72A8C /* Sources */ = {
			isa = PBXSourcesBuildPhase;
			buildActionMask = 2147483647;
			files = (
				3E2E11991ECB2C7D00E72A8C /* MessagesViewController.swift in Sources */,
			);
			runOnlyForDeploymentPostprocessing = 0;
		};
/* End PBXSourcesBuildPhase section */

/* Begin PBXTargetDependency section */
		3E2E11931ECB2C7D00E72A8C /* PBXTargetDependency */ = {
			isa = PBXTargetDependency;
			target = 3E2E118F1ECB2C7D00E72A8C /* MessagesExtension */;
			targetProxy = 3E2E11921ECB2C7D00E72A8C /* PBXContainerItemProxy */;
		};
/* End PBXTargetDependency section */

/* Begin PBXVariantGroup section */
		3E2E119A1ECB2C7D00E72A8C /* MainInterface.storyboard */ = {
			isa = PBXVariantGroup;
			children = (
				3E2E119B1ECB2C7D00E72A8C /* Base */,
			);
			name = MainInterface.storyboard;
			sourceTree = "<group>";
		};
/* End PBXVariantGroup section */

/* Begin XCBuildConfiguration section */
		3E2E11A01ECB2C7D00E72A8C /* Debug */ = {
			isa = XCBuildConfiguration;
			buildSettings = {
				ALWAYS_SEARCH_USER_PATHS = NO;
				CLANG_ANALYZER_NONNULL = YES;
				CLANG_ANALYZER_NUMBER_OBJECT_CONVERSION = YES_AGGRESSIVE;
				CLANG_CXX_LANGUAGE_STANDARD = "gnu++0x";
				CLANG_CXX_LIBRARY = "libc++";
				CLANG_ENABLE_MODULES = YES;
				CLANG_ENABLE_OBJC_ARC = YES;
				CLANG_WARN_BOOL_CONVERSION = YES;
				CLANG_WARN_CONSTANT_CONVERSION = YES;
				CLANG_WARN_DIRECT_OBJC_ISA_USAGE = YES_ERROR;
				CLANG_WARN_DOCUMENTATION_COMMENTS = YES;
				CLANG_WARN_EMPTY_BODY = YES;
				CLANG_WARN_ENUM_CONVERSION = YES;
				CLANG_WARN_INFINITE_RECURSION = YES;
				CLANG_WARN_INT_CONVERSION = YES;
				CLANG_WARN_OBJC_ROOT_CLASS = YES_ERROR;
				CLANG_WARN_SUSPICIOUS_MOVE = YES;
				CLANG_WARN_UNREACHABLE_CODE = YES;
				CLANG_WARN__DUPLICATE_METHOD_MATCH = YES;
				"CODE_SIGN_IDENTITY[sdk=iphoneos*]" = "iPhone Developer";
				COPY_PHASE_STRIP = NO;
				DEBUG_INFORMATION_FORMAT = dwarf;
				ENABLE_STRICT_OBJC_MSGSEND = YES;
				ENABLE_TESTABILITY = YES;
				GCC_C_LANGUAGE_STANDARD = gnu99;
				GCC_DYNAMIC_NO_PIC = NO;
				GCC_NO_COMMON_BLOCKS = YES;
				GCC_OPTIMIZATION_LEVEL = 0;
				GCC_PREPROCESSOR_DEFINITIONS = (
					"DEBUG=1",
					"$(inherited)",
				);
				GCC_WARN_64_TO_32_BIT_CONVERSION = YES;
				GCC_WARN_ABOUT_RETURN_TYPE = YES_ERROR;
				GCC_WARN_UNDECLARED_SELECTOR = YES;
				GCC_WARN_UNINITIALIZED_AUTOS = YES_AGGRESSIVE;
				GCC_WARN_UNUSED_FUNCTION = YES;
				GCC_WARN_UNUSED_VARIABLE = YES;
				IPHONEOS_DEPLOYMENT_TARGET = 10.3;
				MTL_ENABLE_DEBUG_INFO = YES;
				ONLY_ACTIVE_ARCH = YES;
				SDKROOT = iphoneos;
				SWIFT_ACTIVE_COMPILATION_CONDITIONS = DEBUG;
				SWIFT_OPTIMIZATION_LEVEL = "-Onone";
				TARGETED_DEVICE_FAMILY = "1,2";
			};
			name = Debug;
		};
		3E2E11A11ECB2C7D00E72A8C /* Release */ = {
			isa = XCBuildConfiguration;
			buildSettings = {
				ALWAYS_SEARCH_USER_PATHS = NO;
				CLANG_ANALYZER_NONNULL = YES;
				CLANG_ANALYZER_NUMBER_OBJECT_CONVERSION = YES_AGGRESSIVE;
				CLANG_CXX_LANGUAGE_STANDARD = "gnu++0x";
				CLANG_CXX_LIBRARY = "libc++";
				CLANG_ENABLE_MODULES = YES;
				CLANG_ENABLE_OBJC_ARC = YES;
				CLANG_WARN_BOOL_CONVERSION = YES;
				CLANG_WARN_CONSTANT_CONVERSION = YES;
				CLANG_WARN_DIRECT_OBJC_ISA_USAGE = YES_ERROR;
				CLANG_WARN_DOCUMENTATION_COMMENTS = YES;
				CLANG_WARN_EMPTY_BODY = YES;
				CLANG_WARN_ENUM_CONVERSION = YES;
				CLANG_WARN_INFINITE_RECURSION = YES;
				CLANG_WARN_INT_CONVERSION = YES;
				CLANG_WARN_OBJC_ROOT_CLASS = YES_ERROR;
				CLANG_WARN_SUSPICIOUS_MOVE = YES;
				CLANG_WARN_UNREACHABLE_CODE = YES;
				CLANG_WARN__DUPLICATE_METHOD_MATCH = YES;
				"CODE_SIGN_IDENTITY[sdk=iphoneos*]" = "iPhone Developer";
				COPY_PHASE_STRIP = NO;
				DEBUG_INFORMATION_FORMAT = "dwarf-with-dsym";
				ENABLE_NS_ASSERTIONS = NO;
				ENABLE_STRICT_OBJC_MSGSEND = YES;
				GCC_C_LANGUAGE_STANDARD = gnu99;
				GCC_NO_COMMON_BLOCKS = YES;
				GCC_WARN_64_TO_32_BIT_CONVERSION = YES;
				GCC_WARN_ABOUT_RETURN_TYPE = YES_ERROR;
				GCC_WARN_UNDECLARED_SELECTOR = YES;
				GCC_WARN_UNINITIALIZED_AUTOS = YES_AGGRESSIVE;
				GCC_WARN_UNUSED_FUNCTION = YES;
				GCC_WARN_UNUSED_VARIABLE = YES;
				IPHONEOS_DEPLOYMENT_TARGET = 10.3;
				MTL_ENABLE_DEBUG_INFO = NO;
				SDKROOT = iphoneos;
				SWIFT_OPTIMIZATION_LEVEL = "-Owholemodule";
				TARGETED_DEVICE_FAMILY = "1,2";
				VALIDATE_PRODUCT = YES;
			};
			name = Release;
		};
		3E2E11A31ECB2C7D00E72A8C /* Debug */ = {
			isa = XCBuildConfiguration;
			buildSettings = {
				ASSETCATALOG_COMPILER_APPICON_NAME = "iMessage App Icon";
				INFOPLIST_FILE = MessagesExtension/Info.plist;
				LD_RUNPATH_SEARCH_PATHS = "$(inherited) @executable_path/Frameworks @executable_path/../../Frameworks";
				PRODUCT_BUNDLE_IDENTIFIER = anoushkaramkumar.ThisIsATest.MessagesExtension;
				PRODUCT_NAME = "$(TARGET_NAME)";
				SKIP_INSTALL = YES;
				SWIFT_VERSION = 3.0;
			};
			name = Debug;
		};
		3E2E11A41ECB2C7D00E72A8C /* Release */ = {
			isa = XCBuildConfiguration;
			buildSettings = {
				ASSETCATALOG_COMPILER_APPICON_NAME = "iMessage App Icon";
				INFOPLIST_FILE = MessagesExtension/Info.plist;
				LD_RUNPATH_SEARCH_PATHS = "$(inherited) @executable_path/Frameworks @executable_path/../../Frameworks";
				PRODUCT_BUNDLE_IDENTIFIER = anoushkaramkumar.ThisIsATest.MessagesExtension;
				PRODUCT_NAME = "$(TARGET_NAME)";
				SKIP_INSTALL = YES;
				SWIFT_VERSION = 3.0;
			};
			name = Release;
		};
		3E2E11A71ECB2C7D00E72A8C /* Debug */ = {
			isa = XCBuildConfiguration;
			buildSettings = {
				ALWAYS_EMBED_SWIFT_STANDARD_LIBRARIES = YES;
				ASSETCATALOG_COMPILER_APPICON_NAME = AppIcon;
				INFOPLIST_FILE = ThisIsATest/Info.plist;
				PRODUCT_BUNDLE_IDENTIFIER = anoushkaramkumar.ThisIsATest;
				PRODUCT_NAME = "$(TARGET_NAME)";
				SWIFT_VERSION = 3.0;
			};
			name = Debug;
		};
		3E2E11A81ECB2C7D00E72A8C /* Release */ = {
			isa = XCBuildConfiguration;
			buildSettings = {
				ALWAYS_EMBED_SWIFT_STANDARD_LIBRARIES = YES;
				ASSETCATALOG_COMPILER_APPICON_NAME = AppIcon;
				INFOPLIST_FILE = ThisIsATest/Info.plist;
				PRODUCT_BUNDLE_IDENTIFIER = anoushkaramkumar.ThisIsATest;
				PRODUCT_NAME = "$(TARGET_NAME)";
				SWIFT_VERSION = 3.0;
			};
			name = Release;
		};
/* End XCBuildConfiguration section */

/* Begin XCConfigurationList section */
		3E2E11831ECB2C7D00E72A8C /* Build configuration list for PBXProject "ThisIsATest" */ = {
			isa = XCConfigurationList;
			buildConfigurations = (
				3E2E11A01ECB2C7D00E72A8C /* Debug */,
				3E2E11A11ECB2C7D00E72A8C /* Release */,
			);
			defaultConfigurationIsVisible = 0;
			defaultConfigurationName = Release;
		};
		3E2E11A21ECB2C7D00E72A8C /* Build configuration list for PBXNativeTarget "MessagesExtension" */ = {
			isa = XCConfigurationList;
			buildConfigurations = (
				3E2E11A31ECB2C7D00E72A8C /* Debug */,
				3E2E11A41ECB2C7D00E72A8C /* Release */,
			);
			defaultConfigurationIsVisible = 0;
		};
		3E2E11A61ECB2C7D00E72A8C /* Build configuration list for PBXNativeTarget "ThisIsATest" */ = {
			isa = XCConfigurationList;
			buildConfigurations = (
				3E2E11A71ECB2C7D00E72A8C /* Debug */,
				3E2E11A81ECB2C7D00E72A8C /* Release */,
			);
			defaultConfigurationIsVisible = 0;
		};
/* End XCConfigurationList section */
	};
	rootObject = 3E2E11801ECB2C7D00E72A8C /* Project object */;
}
