// !$*UTF8*$!
{
	archiveVersion = 1;
	classes = {
	};
	objectVersion = 46;
	objects = {

/* Begin PBXBuildFile section */
		3E82AB951EF011EF00227995 /* Assets.xcassets in Resources */ = {isa = PBXBuildFile; fileRef = 3E82AB941EF011EF00227995 /* Assets.xcassets */; };
		3E82AB9C1EF011EF00227995 /* MessagesExtension.appex in Embed App Extensions */ = {isa = PBXBuildFile; fileRef = 3E82AB9B1EF011EF00227995 /* MessagesExtension.appex */; settings = {ATTRIBUTES = (RemoveHeadersOnCopy, ); }; };
		3E82ABA11EF011EF00227995 /* Messages.framework in Frameworks */ = {isa = PBXBuildFile; fileRef = 3E82ABA01EF011EF00227995 /* Messages.framework */; };
		3E82ABA41EF011EF00227995 /* MessagesViewController.swift in Sources */ = {isa = PBXBuildFile; fileRef = 3E82ABA31EF011EF00227995 /* MessagesViewController.swift */; };
		3E82ABA71EF011EF00227995 /* MainInterface.storyboard in Resources */ = {isa = PBXBuildFile; fileRef = 3E82ABA51EF011EF00227995 /* MainInterface.storyboard */; };
		3E82ABA91EF011EF00227995 /* Assets.xcassets in Resources */ = {isa = PBXBuildFile; fileRef = 3E82ABA81EF011EF00227995 /* Assets.xcassets */; };
		3E82ABB51EF0121000227995 /* CrossOutGameViewController.swift in Sources */ = {isa = PBXBuildFile; fileRef = 3E82ABB41EF0121000227995 /* CrossOutGameViewController.swift */; };
		3E82ABB71EF0122300227995 /* CrossOutGame.swift in Sources */ = {isa = PBXBuildFile; fileRef = 3E82ABB61EF0122300227995 /* CrossOutGame.swift */; };
/* End PBXBuildFile section */

/* Begin PBXContainerItemProxy section */
		3E82AB9D1EF011EF00227995 /* PBXContainerItemProxy */ = {
			isa = PBXContainerItemProxy;
			containerPortal = 3E82AB8B1EF011EF00227995 /* Project object */;
			proxyType = 1;
			remoteGlobalIDString = 3E82AB9A1EF011EF00227995;
			remoteInfo = MessagesExtension;
		};
/* End PBXContainerItemProxy section */

/* Begin PBXCopyFilesBuildPhase section */
		3E82ABB01EF011EF00227995 /* Embed App Extensions */ = {
			isa = PBXCopyFilesBuildPhase;
			buildActionMask = 2147483647;
			dstPath = "";
			dstSubfolderSpec = 13;
			files = (
				3E82AB9C1EF011EF00227995 /* MessagesExtension.appex in Embed App Extensions */,
			);
			name = "Embed App Extensions";
			runOnlyForDeploymentPostprocessing = 0;
		};
/* End PBXCopyFilesBuildPhase section */

/* Begin PBXFileReference section */
		3E82AB911EF011EF00227995 /* Cross Out Game.app */ = {isa = PBXFileReference; explicitFileType = wrapper.application; includeInIndex = 0; path = "Cross Out Game.app"; sourceTree = BUILT_PRODUCTS_DIR; };
		3E82AB941EF011EF00227995 /* Assets.xcassets */ = {isa = PBXFileReference; lastKnownFileType = folder.assetcatalog; path = Assets.xcassets; sourceTree = "<group>"; };
		3E82AB961EF011EF00227995 /* Info.plist */ = {isa = PBXFileReference; lastKnownFileType = text.plist.xml; path = Info.plist; sourceTree = "<group>"; };
		3E82AB9B1EF011EF00227995 /* MessagesExtension.appex */ = {isa = PBXFileReference; explicitFileType = "wrapper.app-extension"; includeInIndex = 0; path = MessagesExtension.appex; sourceTree = BUILT_PRODUCTS_DIR; };
		3E82ABA01EF011EF00227995 /* Messages.framework */ = {isa = PBXFileReference; lastKnownFileType = wrapper.framework; name = Messages.framework; path = System/Library/Frameworks/Messages.framework; sourceTree = SDKROOT; };
		3E82ABA31EF011EF00227995 /* MessagesViewController.swift */ = {isa = PBXFileReference; lastKnownFileType = sourcecode.swift; path = MessagesViewController.swift; sourceTree = "<group>"; };
		3E82ABA61EF011EF00227995 /* Base */ = {isa = PBXFileReference; lastKnownFileType = file.storyboard; name = Base; path = Base.lproj/MainInterface.storyboard; sourceTree = "<group>"; };
		3E82ABA81EF011EF00227995 /* Assets.xcassets */ = {isa = PBXFileReference; lastKnownFileType = folder.assetcatalog; path = Assets.xcassets; sourceTree = "<group>"; };
		3E82ABAA1EF011EF00227995 /* Info.plist */ = {isa = PBXFileReference; lastKnownFileType = text.plist.xml; path = Info.plist; sourceTree = "<group>"; };
		3E82ABB41EF0121000227995 /* CrossOutGameViewController.swift */ = {isa = PBXFileReference; fileEncoding = 4; lastKnownFileType = sourcecode.swift; path = CrossOutGameViewController.swift; sourceTree = "<group>"; };
		3E82ABB61EF0122300227995 /* CrossOutGame.swift */ = {isa = PBXFileReference; fileEncoding = 4; lastKnownFileType = sourcecode.swift; path = CrossOutGame.swift; sourceTree = "<group>"; };
/* End PBXFileReference section */

/* Begin PBXFrameworksBuildPhase section */
		3E82AB981EF011EF00227995 /* Frameworks */ = {
			isa = PBXFrameworksBuildPhase;
			buildActionMask = 2147483647;
			files = (
				3E82ABA11EF011EF00227995 /* Messages.framework in Frameworks */,
			);
			runOnlyForDeploymentPostprocessing = 0;
		};
/* End PBXFrameworksBuildPhase section */

/* Begin PBXGroup section */
		3E82AB8A1EF011EF00227995 = {
			isa = PBXGroup;
			children = (
				3E82AB931EF011EF00227995 /* Cross Out Game */,
				3E82ABA21EF011EF00227995 /* MessagesExtension */,
				3E82AB9F1EF011EF00227995 /* Frameworks */,
				3E82AB921EF011EF00227995 /* Products */,
			);
			sourceTree = "<group>";
		};
		3E82AB921EF011EF00227995 /* Products */ = {
			isa = PBXGroup;
			children = (
				3E82AB911EF011EF00227995 /* Cross Out Game.app */,
				3E82AB9B1EF011EF00227995 /* MessagesExtension.appex */,
			);
			name = Products;
			sourceTree = "<group>";
		};
		3E82AB931EF011EF00227995 /* Cross Out Game */ = {
			isa = PBXGroup;
			children = (
				3E82AB941EF011EF00227995 /* Assets.xcassets */,
				3E82AB961EF011EF00227995 /* Info.plist */,
			);
			path = "Cross Out Game";
			sourceTree = "<group>";
		};
		3E82AB9F1EF011EF00227995 /* Frameworks */ = {
			isa = PBXGroup;
			children = (
				3E82ABA01EF011EF00227995 /* Messages.framework */,
			);
			name = Frameworks;
			sourceTree = "<group>";
		};
		3E82ABA21EF011EF00227995 /* MessagesExtension */ = {
			isa = PBXGroup;
			children = (
				3E82ABA31EF011EF00227995 /* MessagesViewController.swift */,
				3E82ABA51EF011EF00227995 /* MainInterface.storyboard */,
				3E82ABA81EF011EF00227995 /* Assets.xcassets */,
				3E82ABAA1EF011EF00227995 /* Info.plist */,
				3E82ABB41EF0121000227995 /* CrossOutGameViewController.swift */,
				3E82ABB61EF0122300227995 /* CrossOutGame.swift */,
			);
			path = MessagesExtension;
			sourceTree = "<group>";
		};
/* End PBXGroup section */

/* Begin PBXNativeTarget section */
		3E82AB901EF011EF00227995 /* Cross Out Game */ = {
			isa = PBXNativeTarget;
			buildConfigurationList = 3E82ABB11EF011EF00227995 /* Build configuration list for PBXNativeTarget "Cross Out Game" */;
			buildPhases = (
				3E82AB8F1EF011EF00227995 /* Resources */,
				3E82ABB01EF011EF00227995 /* Embed App Extensions */,
			);
			buildRules = (
			);
			dependencies = (
				3E82AB9E1EF011EF00227995 /* PBXTargetDependency */,
			);
			name = "Cross Out Game";
			productName = "Cross Out Game";
			productReference = 3E82AB911EF011EF00227995 /* Cross Out Game.app */;
			productType = "com.apple.product-type.application.messages";
		};
		3E82AB9A1EF011EF00227995 /* MessagesExtension */ = {
			isa = PBXNativeTarget;
			buildConfigurationList = 3E82ABAD1EF011EF00227995 /* Build configuration list for PBXNativeTarget "MessagesExtension" */;
			buildPhases = (
				3E82AB971EF011EF00227995 /* Sources */,
				3E82AB981EF011EF00227995 /* Frameworks */,
				3E82AB991EF011EF00227995 /* Resources */,
			);
			buildRules = (
			);
			dependencies = (
			);
			name = MessagesExtension;
			productName = MessagesExtension;
			productReference = 3E82AB9B1EF011EF00227995 /* MessagesExtension.appex */;
			productType = "com.apple.product-type.app-extension.messages";
		};
/* End PBXNativeTarget section */

/* Begin PBXProject section */
		3E82AB8B1EF011EF00227995 /* Project object */ = {
			isa = PBXProject;
			attributes = {
				LastSwiftUpdateCheck = 0830;
				LastUpgradeCheck = 0830;
				ORGANIZATIONNAME = "Anoushka Ramkumar";
				TargetAttributes = {
					3E82AB901EF011EF00227995 = {
						CreatedOnToolsVersion = 8.3.3;
						DevelopmentTeam = T5FKE23FKJ;
						ProvisioningStyle = Automatic;
					};
					3E82AB9A1EF011EF00227995 = {
						CreatedOnToolsVersion = 8.3.3;
						DevelopmentTeam = T5FKE23FKJ;
						ProvisioningStyle = Automatic;
					};
				};
			};
			buildConfigurationList = 3E82AB8E1EF011EF00227995 /* Build configuration list for PBXProject "Cross Out Game" */;
			compatibilityVersion = "Xcode 3.2";
			developmentRegion = English;
			hasScannedForEncodings = 0;
			knownRegions = (
				en,
				Base,
			);
			mainGroup = 3E82AB8A1EF011EF00227995;
			productRefGroup = 3E82AB921EF011EF00227995 /* Products */;
			projectDirPath = "";
			projectRoot = "";
			targets = (
				3E82AB901EF011EF00227995 /* Cross Out Game */,
				3E82AB9A1EF011EF00227995 /* MessagesExtension */,
			);
		};
/* End PBXProject section */

/* Begin PBXResourcesBuildPhase section */
		3E82AB8F1EF011EF00227995 /* Resources */ = {
			isa = PBXResourcesBuildPhase;
			buildActionMask = 2147483647;
			files = (
				3E82AB951EF011EF00227995 /* Assets.xcassets in Resources */,
			);
			runOnlyForDeploymentPostprocessing = 0;
		};
		3E82AB991EF011EF00227995 /* Resources */ = {
			isa = PBXResourcesBuildPhase;
			buildActionMask = 2147483647;
			files = (
				3E82ABA91EF011EF00227995 /* Assets.xcassets in Resources */,
				3E82ABA71EF011EF00227995 /* MainInterface.storyboard in Resources */,
			);
			runOnlyForDeploymentPostprocessing = 0;
		};
/* End PBXResourcesBuildPhase section */

/* Begin PBXSourcesBuildPhase section */
		3E82AB971EF011EF00227995 /* Sources */ = {
			isa = PBXSourcesBuildPhase;
			buildActionMask = 2147483647;
			files = (
				3E82ABB51EF0121000227995 /* CrossOutGameViewController.swift in Sources */,
				3E82ABB71EF0122300227995 /* CrossOutGame.swift in Sources */,
				3E82ABA41EF011EF00227995 /* MessagesViewController.swift in Sources */,
			);
			runOnlyForDeploymentPostprocessing = 0;
		};
/* End PBXSourcesBuildPhase section */

/* Begin PBXTargetDependency section */
		3E82AB9E1EF011EF00227995 /* PBXTargetDependency */ = {
			isa = PBXTargetDependency;
			target = 3E82AB9A1EF011EF00227995 /* MessagesExtension */;
			targetProxy = 3E82AB9D1EF011EF00227995 /* PBXContainerItemProxy */;
		};
/* End PBXTargetDependency section */

/* Begin PBXVariantGroup section */
		3E82ABA51EF011EF00227995 /* MainInterface.storyboard */ = {
			isa = PBXVariantGroup;
			children = (
				3E82ABA61EF011EF00227995 /* Base */,
			);
			name = MainInterface.storyboard;
			sourceTree = "<group>";
		};
/* End PBXVariantGroup section */

/* Begin XCBuildConfiguration section */
		3E82ABAB1EF011EF00227995 /* Debug */ = {
			isa = XCBuildConfiguration;
			buildSettings = {
				ALWAYS_SEARCH_USER_PATHS = NO;
				CLANG_ANALYZER_NONNULL = YES;
				CLANG_ANALYZER_NUMBER_OBJECT_CONVERSION = YES_AGGRESSIVE;
				CLANG_CXX_LANGUAGE_STANDARD = "gnu++0x";
				CLANG_CXX_LIBRARY = "libc++";
				CLANG_ENABLE_MODULES = YES;
				CLANG_ENABLE_OBJC_ARC = YES;
				CLANG_WARN_BOOL_CONVERSION = YES;
				CLANG_WARN_CONSTANT_CONVERSION = YES;
				CLANG_WARN_DIRECT_OBJC_ISA_USAGE = YES_ERROR;
				CLANG_WARN_DOCUMENTATION_COMMENTS = YES;
				CLANG_WARN_EMPTY_BODY = YES;
				CLANG_WARN_ENUM_CONVERSION = YES;
				CLANG_WARN_INFINITE_RECURSION = YES;
				CLANG_WARN_INT_CONVERSION = YES;
				CLANG_WARN_OBJC_ROOT_CLASS = YES_ERROR;
				CLANG_WARN_SUSPICIOUS_MOVE = YES;
				CLANG_WARN_UNREACHABLE_CODE = YES;
				CLANG_WARN__DUPLICATE_METHOD_MATCH = YES;
				"CODE_SIGN_IDENTITY[sdk=iphoneos*]" = "iPhone Developer";
				COPY_PHASE_STRIP = NO;
				DEBUG_INFORMATION_FORMAT = dwarf;
				ENABLE_STRICT_OBJC_MSGSEND = YES;
				ENABLE_TESTABILITY = YES;
				GCC_C_LANGUAGE_STANDARD = gnu99;
				GCC_DYNAMIC_NO_PIC = NO;
				GCC_NO_COMMON_BLOCKS = YES;
				GCC_OPTIMIZATION_LEVEL = 0;
				GCC_PREPROCESSOR_DEFINITIONS = (
					"DEBUG=1",
					"$(inherited)",
				);
				GCC_WARN_64_TO_32_BIT_CONVERSION = YES;
				GCC_WARN_ABOUT_RETURN_TYPE = YES_ERROR;
				GCC_WARN_UNDECLARED_SELECTOR = YES;
				GCC_WARN_UNINITIALIZED_AUTOS = YES_AGGRESSIVE;
				GCC_WARN_UNUSED_FUNCTION = YES;
				GCC_WARN_UNUSED_VARIABLE = YES;
				IPHONEOS_DEPLOYMENT_TARGET = 10.3;
				MTL_ENABLE_DEBUG_INFO = YES;
				ONLY_ACTIVE_ARCH = YES;
				SDKROOT = iphoneos;
				SWIFT_ACTIVE_COMPILATION_CONDITIONS = DEBUG;
				SWIFT_OPTIMIZATION_LEVEL = "-Onone";
				TARGETED_DEVICE_FAMILY = "1,2";
			};
			name = Debug;
		};
		3E82ABAC1EF011EF00227995 /* Release */ = {
			isa = XCBuildConfiguration;
			buildSettings = {
				ALWAYS_SEARCH_USER_PATHS = NO;
				CLANG_ANALYZER_NONNULL = YES;
				CLANG_ANALYZER_NUMBER_OBJECT_CONVERSION = YES_AGGRESSIVE;
				CLANG_CXX_LANGUAGE_STANDARD = "gnu++0x";
				CLANG_CXX_LIBRARY = "libc++";
				CLANG_ENABLE_MODULES = YES;
				CLANG_ENABLE_OBJC_ARC = YES;
				CLANG_WARN_BOOL_CONVERSION = YES;
				CLANG_WARN_CONSTANT_CONVERSION = YES;
				CLANG_WARN_DIRECT_OBJC_ISA_USAGE = YES_ERROR;
				CLANG_WARN_DOCUMENTATION_COMMENTS = YES;
				CLANG_WARN_EMPTY_BODY = YES;
				CLANG_WARN_ENUM_CONVERSION = YES;
				CLANG_WARN_INFINITE_RECURSION = YES;
				CLANG_WARN_INT_CONVERSION = YES;
				CLANG_WARN_OBJC_ROOT_CLASS = YES_ERROR;
				CLANG_WARN_SUSPICIOUS_MOVE = YES;
				CLANG_WARN_UNREACHABLE_CODE = YES;
				CLANG_WARN__DUPLICATE_METHOD_MATCH = YES;
				"CODE_SIGN_IDENTITY[sdk=iphoneos*]" = "iPhone Developer";
				COPY_PHASE_STRIP = NO;
				DEBUG_INFORMATION_FORMAT = "dwarf-with-dsym";
				ENABLE_NS_ASSERTIONS = NO;
				ENABLE_STRICT_OBJC_MSGSEND = YES;
				GCC_C_LANGUAGE_STANDARD = gnu99;
				GCC_NO_COMMON_BLOCKS = YES;
				GCC_WARN_64_TO_32_BIT_CONVERSION = YES;
				GCC_WARN_ABOUT_RETURN_TYPE = YES_ERROR;
				GCC_WARN_UNDECLARED_SELECTOR = YES;
				GCC_WARN_UNINITIALIZED_AUTOS = YES_AGGRESSIVE;
				GCC_WARN_UNUSED_FUNCTION = YES;
				GCC_WARN_UNUSED_VARIABLE = YES;
				IPHONEOS_DEPLOYMENT_TARGET = 10.3;
				MTL_ENABLE_DEBUG_INFO = NO;
				SDKROOT = iphoneos;
				SWIFT_OPTIMIZATION_LEVEL = "-Owholemodule";
				TARGETED_DEVICE_FAMILY = "1,2";
				VALIDATE_PRODUCT = YES;
			};
			name = Release;
		};
		3E82ABAE1EF011EF00227995 /* Debug */ = {
			isa = XCBuildConfiguration;
			buildSettings = {
				ASSETCATALOG_COMPILER_APPICON_NAME = "Messages Icon";
				DEVELOPMENT_TEAM = T5FKE23FKJ;
				INFOPLIST_FILE = MessagesExtension/Info.plist;
				LD_RUNPATH_SEARCH_PATHS = "$(inherited) @executable_path/Frameworks @executable_path/../../Frameworks";
				PRODUCT_BUNDLE_IDENTIFIER = "seandyk.Cross-Out-Game.MessagesExtension";
				PRODUCT_NAME = "$(TARGET_NAME)";
				SKIP_INSTALL = YES;
				SWIFT_VERSION = 3.0;
			};
			name = Debug;
		};
		3E82ABAF1EF011EF00227995 /* Release */ = {
			isa = XCBuildConfiguration;
			buildSettings = {
				ASSETCATALOG_COMPILER_APPICON_NAME = "Messages Icon";
				DEVELOPMENT_TEAM = T5FKE23FKJ;
				INFOPLIST_FILE = MessagesExtension/Info.plist;
				LD_RUNPATH_SEARCH_PATHS = "$(inherited) @executable_path/Frameworks @executable_path/../../Frameworks";
				PRODUCT_BUNDLE_IDENTIFIER = "seandyk.Cross-Out-Game.MessagesExtension";
				PRODUCT_NAME = "$(TARGET_NAME)";
				SKIP_INSTALL = YES;
				SWIFT_VERSION = 3.0;
			};
			name = Release;
		};
		3E82ABB21EF011EF00227995 /* Debug */ = {
			isa = XCBuildConfiguration;
			buildSettings = {
				ALWAYS_EMBED_SWIFT_STANDARD_LIBRARIES = YES;
				ASSETCATALOG_COMPILER_APPICON_NAME = AppIcon;
				DEVELOPMENT_TEAM = T5FKE23FKJ;
				INFOPLIST_FILE = "Cross Out Game/Info.plist";
				PRODUCT_BUNDLE_IDENTIFIER = "seandyk.Cross-Out-Game";
				PRODUCT_NAME = "$(TARGET_NAME)";
				SWIFT_VERSION = 3.0;
			};
			name = Debug;
		};
		3E82ABB31EF011EF00227995 /* Release */ = {
			isa = XCBuildConfiguration;
			buildSettings = {
				ALWAYS_EMBED_SWIFT_STANDARD_LIBRARIES = YES;
				ASSETCATALOG_COMPILER_APPICON_NAME = AppIcon;
				DEVELOPMENT_TEAM = T5FKE23FKJ;
				INFOPLIST_FILE = "Cross Out Game/Info.plist";
				PRODUCT_BUNDLE_IDENTIFIER = "seandyk.Cross-Out-Game";
				PRODUCT_NAME = "$(TARGET_NAME)";
				SWIFT_VERSION = 3.0;
			};
			name = Release;
		};
/* End XCBuildConfiguration section */

/* Begin XCConfigurationList section */
		3E82AB8E1EF011EF00227995 /* Build configuration list for PBXProject "Cross Out Game" */ = {
			isa = XCConfigurationList;
			buildConfigurations = (
				3E82ABAB1EF011EF00227995 /* Debug */,
				3E82ABAC1EF011EF00227995 /* Release */,
			);
			defaultConfigurationIsVisible = 0;
			defaultConfigurationName = Release;
		};
		3E82ABAD1EF011EF00227995 /* Build configuration list for PBXNativeTarget "MessagesExtension" */ = {
			isa = XCConfigurationList;
			buildConfigurations = (
				3E82ABAE1EF011EF00227995 /* Debug */,
				3E82ABAF1EF011EF00227995 /* Release */,
			);
			defaultConfigurationIsVisible = 0;
		};
		3E82ABB11EF011EF00227995 /* Build configuration list for PBXNativeTarget "Cross Out Game" */ = {
			isa = XCConfigurationList;
			buildConfigurations = (
				3E82ABB21EF011EF00227995 /* Debug */,
				3E82ABB31EF011EF00227995 /* Release */,
			);
			defaultConfigurationIsVisible = 0;
		};
/* End XCConfigurationList section */
	};
	rootObject = 3E82AB8B1EF011EF00227995 /* Project object */;
}
